// !$*UTF8*$!
{
	archiveVersion = 1;
	classes = {
	};
	objectVersion = 46;
	objects = {

/* Begin PBXBuildFile section */
		84FCAA881A314E0C006B9DB9 /* main.m in Sources */ = {isa = PBXBuildFile; fileRef = 84FCAA871A314E0C006B9DB9 /* main.m */; };
		84FCAA8B1A314E0C006B9DB9 /* AppDelegate.m in Sources */ = {isa = PBXBuildFile; fileRef = 84FCAA8A1A314E0C006B9DB9 /* AppDelegate.m */; };
		84FCAA8E1A314E0C006B9DB9 /* ViewController.m in Sources */ = {isa = PBXBuildFile; fileRef = 84FCAA8D1A314E0C006B9DB9 /* ViewController.m */; };
		84FCAA911A314E0C006B9DB9 /* Main.storyboard in Resources */ = {isa = PBXBuildFile; fileRef = 84FCAA8F1A314E0C006B9DB9 /* Main.storyboard */; };
		84FCAA931A314E0C006B9DB9 /* Images.xcassets in Resources */ = {isa = PBXBuildFile; fileRef = 84FCAA921A314E0C006B9DB9 /* Images.xcassets */; };
		84FCAA961A314E0C006B9DB9 /* LaunchScreen.xib in Resources */ = {isa = PBXBuildFile; fileRef = 84FCAA941A314E0C006B9DB9 /* LaunchScreen.xib */; };
		84FCAAA21A314E0C006B9DB9 /* PPSAndAdonitTests.m in Sources */ = {isa = PBXBuildFile; fileRef = 84FCAAA11A314E0C006B9DB9 /* PPSAndAdonitTests.m */; };
		84FCAAAE1A314E7D006B9DB9 /* PPSSignatureView.m in Sources */ = {isa = PBXBuildFile; fileRef = 84FCAAAD1A314E7D006B9DB9 /* PPSSignatureView.m */; };
		84FCAAB01A314E9C006B9DB9 /* UIKit.framework in Frameworks */ = {isa = PBXBuildFile; fileRef = 84FCAAAF1A314E9C006B9DB9 /* UIKit.framework */; };
		84FCAAB21A314EA8006B9DB9 /* CoreGraphics.framework in Frameworks */ = {isa = PBXBuildFile; fileRef = 84FCAAB11A314EA8006B9DB9 /* CoreGraphics.framework */; };
		84FCAAB41A314EAF006B9DB9 /* Foundation.framework in Frameworks */ = {isa = PBXBuildFile; fileRef = 84FCAAB31A314EAF006B9DB9 /* Foundation.framework */; };
		84FCAAB61A314EB5006B9DB9 /* OpenGLES.framework in Frameworks */ = {isa = PBXBuildFile; fileRef = 84FCAAB51A314EB5006B9DB9 /* OpenGLES.framework */; };
		84FCAAB91A315036006B9DB9 /* JotTouchSDK.framework in Frameworks */ = {isa = PBXBuildFile; fileRef = 84FCAAB81A315036006B9DB9 /* JotTouchSDK.framework */; };
		84FCAABB1A31505D006B9DB9 /* CoreMotion.framework in Frameworks */ = {isa = PBXBuildFile; fileRef = 84FCAABA1A31505D006B9DB9 /* CoreMotion.framework */; };
		84FCAABD1A315064006B9DB9 /* CoreBluetooth.framework in Frameworks */ = {isa = PBXBuildFile; fileRef = 84FCAABC1A315064006B9DB9 /* CoreBluetooth.framework */; };
/* End PBXBuildFile section */

/* Begin PBXContainerItemProxy section */
		84FCAA9C1A314E0C006B9DB9 /* PBXContainerItemProxy */ = {
			isa = PBXContainerItemProxy;
			containerPortal = 84FCAA7A1A314E0C006B9DB9 /* Project object */;
			proxyType = 1;
			remoteGlobalIDString = 84FCAA811A314E0C006B9DB9;
			remoteInfo = PPSAndAdonit;
		};
/* End PBXContainerItemProxy section */

/* Begin PBXFileReference section */
		84FCAA821A314E0C006B9DB9 /* PPSAndAdonit.app */ = {isa = PBXFileReference; explicitFileType = wrapper.application; includeInIndex = 0; path = PPSAndAdonit.app; sourceTree = BUILT_PRODUCTS_DIR; };
		84FCAA861A314E0C006B9DB9 /* Info.plist */ = {isa = PBXFileReference; lastKnownFileType = text.plist.xml; path = Info.plist; sourceTree = "<group>"; };
		84FCAA871A314E0C006B9DB9 /* main.m */ = {isa = PBXFileReference; lastKnownFileType = sourcecode.c.objc; path = main.m; sourceTree = "<group>"; };
		84FCAA891A314E0C006B9DB9 /* AppDelegate.h */ = {isa = PBXFileReference; lastKnownFileType = sourcecode.c.h; path = AppDelegate.h; sourceTree = "<group>"; };
		84FCAA8A1A314E0C006B9DB9 /* AppDelegate.m */ = {isa = PBXFileReference; lastKnownFileType = sourcecode.c.objc; path = AppDelegate.m; sourceTree = "<group>"; };
		84FCAA8C1A314E0C006B9DB9 /* ViewController.h */ = {isa = PBXFileReference; lastKnownFileType = sourcecode.c.h; path = ViewController.h; sourceTree = "<group>"; };
		84FCAA8D1A314E0C006B9DB9 /* ViewController.m */ = {isa = PBXFileReference; lastKnownFileType = sourcecode.c.objc; path = ViewController.m; sourceTree = "<group>"; };
		84FCAA901A314E0C006B9DB9 /* Base */ = {isa = PBXFileReference; lastKnownFileType = file.storyboard; name = Base; path = Base.lproj/Main.storyboard; sourceTree = "<group>"; };
		84FCAA921A314E0C006B9DB9 /* Images.xcassets */ = {isa = PBXFileReference; lastKnownFileType = folder.assetcatalog; path = Images.xcassets; sourceTree = "<group>"; };
		84FCAA951A314E0C006B9DB9 /* Base */ = {isa = PBXFileReference; lastKnownFileType = file.xib; name = Base; path = Base.lproj/LaunchScreen.xib; sourceTree = "<group>"; };
		84FCAA9B1A314E0C006B9DB9 /* PPSAndAdonitTests.xctest */ = {isa = PBXFileReference; explicitFileType = wrapper.cfbundle; includeInIndex = 0; path = PPSAndAdonitTests.xctest; sourceTree = BUILT_PRODUCTS_DIR; };
		84FCAAA01A314E0C006B9DB9 /* Info.plist */ = {isa = PBXFileReference; lastKnownFileType = text.plist.xml; path = Info.plist; sourceTree = "<group>"; };
		84FCAAA11A314E0C006B9DB9 /* PPSAndAdonitTests.m */ = {isa = PBXFileReference; lastKnownFileType = sourcecode.c.objc; path = PPSAndAdonitTests.m; sourceTree = "<group>"; };
		84FCAAAC1A314E7D006B9DB9 /* PPSSignatureView.h */ = {isa = PBXFileReference; fileEncoding = 4; lastKnownFileType = sourcecode.c.h; path = PPSSignatureView.h; sourceTree = "<group>"; };
		84FCAAAD1A314E7D006B9DB9 /* PPSSignatureView.m */ = {isa = PBXFileReference; fileEncoding = 4; lastKnownFileType = sourcecode.c.objc; path = PPSSignatureView.m; sourceTree = "<group>"; };
		84FCAAAF1A314E9C006B9DB9 /* UIKit.framework */ = {isa = PBXFileReference; lastKnownFileType = wrapper.framework; name = UIKit.framework; path = System/Library/Frameworks/UIKit.framework; sourceTree = SDKROOT; };
		84FCAAB11A314EA8006B9DB9 /* CoreGraphics.framework */ = {isa = PBXFileReference; lastKnownFileType = wrapper.framework; name = CoreGraphics.framework; path = System/Library/Frameworks/CoreGraphics.framework; sourceTree = SDKROOT; };
		84FCAAB31A314EAF006B9DB9 /* Foundation.framework */ = {isa = PBXFileReference; lastKnownFileType = wrapper.framework; name = Foundation.framework; path = System/Library/Frameworks/Foundation.framework; sourceTree = SDKROOT; };
		84FCAAB51A314EB5006B9DB9 /* OpenGLES.framework */ = {isa = PBXFileReference; lastKnownFileType = wrapper.framework; name = OpenGLES.framework; path = System/Library/Frameworks/OpenGLES.framework; sourceTree = SDKROOT; };
		84FCAAB81A315036006B9DB9 /* JotTouchSDK.framework */ = {isa = PBXFileReference; lastKnownFileType = wrapper.framework; path = JotTouchSDK.framework; sourceTree = "<group>"; };
		84FCAABA1A31505D006B9DB9 /* CoreMotion.framework */ = {isa = PBXFileReference; lastKnownFileType = wrapper.framework; name = CoreMotion.framework; path = System/Library/Frameworks/CoreMotion.framework; sourceTree = SDKROOT; };
		84FCAABC1A315064006B9DB9 /* CoreBluetooth.framework */ = {isa = PBXFileReference; lastKnownFileType = wrapper.framework; name = CoreBluetooth.framework; path = System/Library/Frameworks/CoreBluetooth.framework; sourceTree = SDKROOT; };
/* End PBXFileReference section */

/* Begin PBXFrameworksBuildPhase section */
		84FCAA7F1A314E0C006B9DB9 /* Frameworks */ = {
			isa = PBXFrameworksBuildPhase;
			buildActionMask = 2147483647;
			files = (
				84FCAABD1A315064006B9DB9 /* CoreBluetooth.framework in Frameworks */,
				84FCAABB1A31505D006B9DB9 /* CoreMotion.framework in Frameworks */,
				84FCAAB91A315036006B9DB9 /* JotTouchSDK.framework in Frameworks */,
				84FCAAB61A314EB5006B9DB9 /* OpenGLES.framework in Frameworks */,
				84FCAAB41A314EAF006B9DB9 /* Foundation.framework in Frameworks */,
				84FCAAB21A314EA8006B9DB9 /* CoreGraphics.framework in Frameworks */,
				84FCAAB01A314E9C006B9DB9 /* UIKit.framework in Frameworks */,
			);
			runOnlyForDeploymentPostprocessing = 0;
		};
		84FCAA981A314E0C006B9DB9 /* Frameworks */ = {
			isa = PBXFrameworksBuildPhase;
			buildActionMask = 2147483647;
			files = (
			);
			runOnlyForDeploymentPostprocessing = 0;
		};
/* End PBXFrameworksBuildPhase section */

/* Begin PBXGroup section */
		84FCAA791A314E0C006B9DB9 = {
			isa = PBXGroup;
			children = (
				84FCAAAB1A314E7D006B9DB9 /* PPSSignatureView */,
				84FCAA841A314E0C006B9DB9 /* PPSAndAdonit */,
				84FCAA9E1A314E0C006B9DB9 /* PPSAndAdonitTests */,
				84FCAAB71A314EC4006B9DB9 /* Frameworks */,
				84FCAA831A314E0C006B9DB9 /* Products */,
			);
			sourceTree = "<group>";
		};
		84FCAA831A314E0C006B9DB9 /* Products */ = {
			isa = PBXGroup;
			children = (
				84FCAA821A314E0C006B9DB9 /* PPSAndAdonit.app */,
				84FCAA9B1A314E0C006B9DB9 /* PPSAndAdonitTests.xctest */,
			);
			name = Products;
			sourceTree = "<group>";
		};
		84FCAA841A314E0C006B9DB9 /* PPSAndAdonit */ = {
			isa = PBXGroup;
			children = (
				84FCAA891A314E0C006B9DB9 /* AppDelegate.h */,
				84FCAA8A1A314E0C006B9DB9 /* AppDelegate.m */,
				84FCAA8C1A314E0C006B9DB9 /* ViewController.h */,
				84FCAA8D1A314E0C006B9DB9 /* ViewController.m */,
				84FCAA8F1A314E0C006B9DB9 /* Main.storyboard */,
				84FCAA921A314E0C006B9DB9 /* Images.xcassets */,
				84FCAA941A314E0C006B9DB9 /* LaunchScreen.xib */,
				84FCAA851A314E0C006B9DB9 /* Supporting Files */,
			);
			path = PPSAndAdonit;
			sourceTree = "<group>";
		};
		84FCAA851A314E0C006B9DB9 /* Supporting Files */ = {
			isa = PBXGroup;
			children = (
				84FCAA861A314E0C006B9DB9 /* Info.plist */,
				84FCAA871A314E0C006B9DB9 /* main.m */,
			);
			name = "Supporting Files";
			sourceTree = "<group>";
		};
		84FCAA9E1A314E0C006B9DB9 /* PPSAndAdonitTests */ = {
			isa = PBXGroup;
			children = (
				84FCAAA11A314E0C006B9DB9 /* PPSAndAdonitTests.m */,
				84FCAA9F1A314E0C006B9DB9 /* Supporting Files */,
			);
			path = PPSAndAdonitTests;
			sourceTree = "<group>";
		};
		84FCAA9F1A314E0C006B9DB9 /* Supporting Files */ = {
			isa = PBXGroup;
			children = (
				84FCAAA01A314E0C006B9DB9 /* Info.plist */,
			);
			name = "Supporting Files";
			sourceTree = "<group>";
		};
		84FCAAAB1A314E7D006B9DB9 /* PPSSignatureView */ = {
			isa = PBXGroup;
			children = (
				84FCAAAC1A314E7D006B9DB9 /* PPSSignatureView.h */,
				84FCAAAD1A314E7D006B9DB9 /* PPSSignatureView.m */,
			);
			name = PPSSignatureView;
			path = PPSAndAdonit/PPSSignatureView;
			sourceTree = "<group>";
		};
		84FCAAB71A314EC4006B9DB9 /* Frameworks */ = {
			isa = PBXGroup;
			children = (
				84FCAABC1A315064006B9DB9 /* CoreBluetooth.framework */,
				84FCAABA1A31505D006B9DB9 /* CoreMotion.framework */,
				84FCAAB81A315036006B9DB9 /* JotTouchSDK.framework */,
				84FCAAB51A314EB5006B9DB9 /* OpenGLES.framework */,
				84FCAAB31A314EAF006B9DB9 /* Foundation.framework */,
				84FCAAB11A314EA8006B9DB9 /* CoreGraphics.framework */,
				84FCAAAF1A314E9C006B9DB9 /* UIKit.framework */,
			);
			name = Frameworks;
			sourceTree = "<group>";
		};
/* End PBXGroup section */

/* Begin PBXNativeTarget section */
		84FCAA811A314E0C006B9DB9 /* PPSAndAdonit */ = {
			isa = PBXNativeTarget;
			buildConfigurationList = 84FCAAA51A314E0C006B9DB9 /* Build configuration list for PBXNativeTarget "PPSAndAdonit" */;
			buildPhases = (
				84FCAA7E1A314E0C006B9DB9 /* Sources */,
				84FCAA7F1A314E0C006B9DB9 /* Frameworks */,
				84FCAA801A314E0C006B9DB9 /* Resources */,
			);
			buildRules = (
			);
			dependencies = (
			);
			name = PPSAndAdonit;
			productName = PPSAndAdonit;
			productReference = 84FCAA821A314E0C006B9DB9 /* PPSAndAdonit.app */;
			productType = "com.apple.product-type.application";
		};
		84FCAA9A1A314E0C006B9DB9 /* PPSAndAdonitTests */ = {
			isa = PBXNativeTarget;
			buildConfigurationList = 84FCAAA81A314E0C006B9DB9 /* Build configuration list for PBXNativeTarget "PPSAndAdonitTests" */;
			buildPhases = (
				84FCAA971A314E0C006B9DB9 /* Sources */,
				84FCAA981A314E0C006B9DB9 /* Frameworks */,
				84FCAA991A314E0C006B9DB9 /* Resources */,
			);
			buildRules = (
			);
			dependencies = (
				84FCAA9D1A314E0C006B9DB9 /* PBXTargetDependency */,
			);
			name = PPSAndAdonitTests;
			productName = PPSAndAdonitTests;
			productReference = 84FCAA9B1A314E0C006B9DB9 /* PPSAndAdonitTests.xctest */;
			productType = "com.apple.product-type.bundle.unit-test";
		};
/* End PBXNativeTarget section */

/* Begin PBXProject section */
		84FCAA7A1A314E0C006B9DB9 /* Project object */ = {
			isa = PBXProject;
			attributes = {
				LastUpgradeCheck = 0610;
				ORGANIZATIONNAME = yxguo;
				TargetAttributes = {
					84FCAA811A314E0C006B9DB9 = {
						CreatedOnToolsVersion = 6.1;
					};
					84FCAA9A1A314E0C006B9DB9 = {
						CreatedOnToolsVersion = 6.1;
						TestTargetID = 84FCAA811A314E0C006B9DB9;
					};
				};
			};
			buildConfigurationList = 84FCAA7D1A314E0C006B9DB9 /* Build configuration list for PBXProject "PPSAndAdonit" */;
			compatibilityVersion = "Xcode 3.2";
			developmentRegion = English;
			hasScannedForEncodings = 0;
			knownRegions = (
				en,
				Base,
			);
			mainGroup = 84FCAA791A314E0C006B9DB9;
			productRefGroup = 84FCAA831A314E0C006B9DB9 /* Products */;
			projectDirPath = "";
			projectRoot = "";
			targets = (
				84FCAA811A314E0C006B9DB9 /* PPSAndAdonit */,
				84FCAA9A1A314E0C006B9DB9 /* PPSAndAdonitTests */,
			);
		};
/* End PBXProject section */

/* Begin PBXResourcesBuildPhase section */
		84FCAA801A314E0C006B9DB9 /* Resources */ = {
			isa = PBXResourcesBuildPhase;
			buildActionMask = 2147483647;
			files = (
				84FCAA911A314E0C006B9DB9 /* Main.storyboard in Resources */,
				84FCAA961A314E0C006B9DB9 /* LaunchScreen.xib in Resources */,
				84FCAA931A314E0C006B9DB9 /* Images.xcassets in Resources */,
			);
			runOnlyForDeploymentPostprocessing = 0;
		};
		84FCAA991A314E0C006B9DB9 /* Resources */ = {
			isa = PBXResourcesBuildPhase;
			buildActionMask = 2147483647;
			files = (
			);
			runOnlyForDeploymentPostprocessing = 0;
		};
/* End PBXResourcesBuildPhase section */

/* Begin PBXSourcesBuildPhase section */
		84FCAA7E1A314E0C006B9DB9 /* Sources */ = {
			isa = PBXSourcesBuildPhase;
			buildActionMask = 2147483647;
			files = (
				84FCAA8E1A314E0C006B9DB9 /* ViewController.m in Sources */,
				84FCAAAE1A314E7D006B9DB9 /* PPSSignatureView.m in Sources */,
				84FCAA8B1A314E0C006B9DB9 /* AppDelegate.m in Sources */,
				84FCAA881A314E0C006B9DB9 /* main.m in Sources */,
			);
			runOnlyForDeploymentPostprocessing = 0;
		};
		84FCAA971A314E0C006B9DB9 /* Sources */ = {
			isa = PBXSourcesBuildPhase;
			buildActionMask = 2147483647;
			files = (
				84FCAAA21A314E0C006B9DB9 /* PPSAndAdonitTests.m in Sources */,
			);
			runOnlyForDeploymentPostprocessing = 0;
		};
/* End PBXSourcesBuildPhase section */

/* Begin PBXTargetDependency section */
		84FCAA9D1A314E0C006B9DB9 /* PBXTargetDependency */ = {
			isa = PBXTargetDependency;
			target = 84FCAA811A314E0C006B9DB9 /* PPSAndAdonit */;
			targetProxy = 84FCAA9C1A314E0C006B9DB9 /* PBXContainerItemProxy */;
		};
/* End PBXTargetDependency section */

/* Begin PBXVariantGroup section */
		84FCAA8F1A314E0C006B9DB9 /* Main.storyboard */ = {
			isa = PBXVariantGroup;
			children = (
				84FCAA901A314E0C006B9DB9 /* Base */,
			);
			name = Main.storyboard;
			sourceTree = "<group>";
		};
		84FCAA941A314E0C006B9DB9 /* LaunchScreen.xib */ = {
			isa = PBXVariantGroup;
			children = (
				84FCAA951A314E0C006B9DB9 /* Base */,
			);
			name = LaunchScreen.xib;
			sourceTree = "<group>";
		};
/* End PBXVariantGroup section */

/* Begin XCBuildConfiguration section */
		84FCAAA31A314E0C006B9DB9 /* Debug */ = {
			isa = XCBuildConfiguration;
			buildSettings = {
				ALWAYS_SEARCH_USER_PATHS = NO;
				CLANG_CXX_LANGUAGE_STANDARD = "gnu++0x";
				CLANG_CXX_LIBRARY = "libc++";
				CLANG_ENABLE_MODULES = YES;
				CLANG_ENABLE_OBJC_ARC = YES;
				CLANG_WARN_BOOL_CONVERSION = YES;
				CLANG_WARN_CONSTANT_CONVERSION = YES;
				CLANG_WARN_DIRECT_OBJC_ISA_USAGE = YES_ERROR;
				CLANG_WARN_EMPTY_BODY = YES;
				CLANG_WARN_ENUM_CONVERSION = YES;
				CLANG_WARN_INT_CONVERSION = YES;
				CLANG_WARN_OBJC_ROOT_CLASS = YES_ERROR;
				CLANG_WARN_UNREACHABLE_CODE = YES;
				CLANG_WARN__DUPLICATE_METHOD_MATCH = YES;
				"CODE_SIGN_IDENTITY[sdk=iphoneos*]" = "iPhone Developer";
				COPY_PHASE_STRIP = NO;
				ENABLE_STRICT_OBJC_MSGSEND = YES;
				GCC_C_LANGUAGE_STANDARD = gnu99;
				GCC_DYNAMIC_NO_PIC = NO;
				GCC_OPTIMIZATION_LEVEL = 0;
				GCC_PREPROCESSOR_DEFINITIONS = (
					"DEBUG=1",
					"$(inherited)",
				);
				GCC_SYMBOLS_PRIVATE_EXTERN = NO;
				GCC_WARN_64_TO_32_BIT_CONVERSION = YES;
				GCC_WARN_ABOUT_RETURN_TYPE = YES_ERROR;
				GCC_WARN_UNDECLARED_SELECTOR = YES;
				GCC_WARN_UNINITIALIZED_AUTOS = YES_AGGRESSIVE;
				GCC_WARN_UNUSED_FUNCTION = YES;
				GCC_WARN_UNUSED_VARIABLE = YES;
				IPHONEOS_DEPLOYMENT_TARGET = 8.1;
				MTL_ENABLE_DEBUG_INFO = YES;
				ONLY_ACTIVE_ARCH = YES;
				SDKROOT = iphoneos;
				TARGETED_DEVICE_FAMILY = "1,2";
			};
			name = Debug;
		};
		84FCAAA41A314E0C006B9DB9 /* Release */ = {
			isa = XCBuildConfiguration;
			buildSettings = {
				ALWAYS_SEARCH_USER_PATHS = NO;
				CLANG_CXX_LANGUAGE_STANDARD = "gnu++0x";
				CLANG_CXX_LIBRARY = "libc++";
				CLANG_ENABLE_MODULES = YES;
				CLANG_ENABLE_OBJC_ARC = YES;
				CLANG_WARN_BOOL_CONVERSION = YES;
				CLANG_WARN_CONSTANT_CONVERSION = YES;
				CLANG_WARN_DIRECT_OBJC_ISA_USAGE = YES_ERROR;
				CLANG_WARN_EMPTY_BODY = YES;
				CLANG_WARN_ENUM_CONVERSION = YES;
				CLANG_WARN_INT_CONVERSION = YES;
				CLANG_WARN_OBJC_ROOT_CLASS = YES_ERROR;
				CLANG_WARN_UNREACHABLE_CODE = YES;
				CLANG_WARN__DUPLICATE_METHOD_MATCH = YES;
				"CODE_SIGN_IDENTITY[sdk=iphoneos*]" = "iPhone Developer";
				COPY_PHASE_STRIP = YES;
				ENABLE_NS_ASSERTIONS = NO;
				ENABLE_STRICT_OBJC_MSGSEND = YES;
				GCC_C_LANGUAGE_STANDARD = gnu99;
				GCC_WARN_64_TO_32_BIT_CONVERSION = YES;
				GCC_WARN_ABOUT_RETURN_TYPE = YES_ERROR;
				GCC_WARN_UNDECLARED_SELECTOR = YES;
				GCC_WARN_UNINITIALIZED_AUTOS = YES_AGGRESSIVE;
				GCC_WARN_UNUSED_FUNCTION = YES;
				GCC_WARN_UNUSED_VARIABLE = YES;
				IPHONEOS_DEPLOYMENT_TARGET = 8.1;
				MTL_ENABLE_DEBUG_INFO = NO;
				SDKROOT = iphoneos;
				TARGETED_DEVICE_FAMILY = "1,2";
				VALIDATE_PRODUCT = YES;
			};
			name = Release;
		};
		84FCAAA61A314E0C006B9DB9 /* Debug */ = {
			isa = XCBuildConfiguration;
			buildSettings = {
				ASSETCATALOG_COMPILER_APPICON_NAME = AppIcon;
				FRAMEWORK_SEARCH_PATHS = (
					"$(inherited)",
					"$(PROJECT_DIR)",
				);
				INFOPLIST_FILE = PPSAndAdonit/Info.plist;
				LD_RUNPATH_SEARCH_PATHS = "$(inherited) @executable_path/Frameworks";
				OTHER_LDFLAGS = "-ObjC";
				PRODUCT_NAME = "$(TARGET_NAME)";
			};
			name = Debug;
		};
		84FCAAA71A314E0C006B9DB9 /* Release */ = {
			isa = XCBuildConfiguration;
			buildSettings = {
				ASSETCATALOG_COMPILER_APPICON_NAME = AppIcon;
				FRAMEWORK_SEARCH_PATHS = (
					"$(inherited)",
					"$(PROJECT_DIR)",
				);
				INFOPLIST_FILE = PPSAndAdonit/Info.plist;
				LD_RUNPATH_SEARCH_PATHS = "$(inherited) @executable_path/Frameworks";
				OTHER_LDFLAGS = "-ObjC";
				PRODUCT_NAME = "$(TARGET_NAME)";
			};
			name = Release;
		};
		84FCAAA91A314E0C006B9DB9 /* Debug */ = {
			isa = XCBuildConfiguration;
			buildSettings = {
				BUNDLE_LOADER = "$(TEST_HOST)";
				FRAMEWORK_SEARCH_PATHS = (
					"$(SDKROOT)/Developer/Library/Frameworks",
					"$(inherited)",
				);
				GCC_PREPROCESSOR_DEFINITIONS = (
					"DEBUG=1",
					"$(inherited)",
				);
				INFOPLIST_FILE = PPSAndAdonitTests/Info.plist;
				LD_RUNPATH_SEARCH_PATHS = "$(inherited) @executable_path/Frameworks @loader_path/Frameworks";
				PRODUCT_NAME = "$(TARGET_NAME)";
				TEST_HOST = "$(BUILT_PRODUCTS_DIR)/PPSAndAdonit.app/PPSAndAdonit";
			};
			name = Debug;
		};
		84FCAAAA1A314E0C006B9DB9 /* Release */ = {
			isa = XCBuildConfiguration;
			buildSettings = {
				BUNDLE_LOADER = "$(TEST_HOST)";
				FRAMEWORK_SEARCH_PATHS = (
					"$(SDKROOT)/Developer/Library/Frameworks",
					"$(inherited)",
				);
				INFOPLIST_FILE = PPSAndAdonitTests/Info.plist;
				LD_RUNPATH_SEARCH_PATHS = "$(inherited) @executable_path/Frameworks @loader_path/Frameworks";
				PRODUCT_NAME = "$(TARGET_NAME)";
				TEST_HOST = "$(BUILT_PRODUCTS_DIR)/PPSAndAdonit.app/PPSAndAdonit";
			};
			name = Release;
		};
/* End XCBuildConfiguration section */

/* Begin XCConfigurationList section */
		84FCAA7D1A314E0C006B9DB9 /* Build configuration list for PBXProject "PPSAndAdonit" */ = {
			isa = XCConfigurationList;
			buildConfigurations = (
				84FCAAA31A314E0C006B9DB9 /* Debug */,
				84FCAAA41A314E0C006B9DB9 /* Release */,
			);
			defaultConfigurationIsVisible = 0;
			defaultConfigurationName = Release;
		};
		84FCAAA51A314E0C006B9DB9 /* Build configuration list for PBXNativeTarget "PPSAndAdonit" */ = {
			isa = XCConfigurationList;
			buildConfigurations = (
				84FCAAA61A314E0C006B9DB9 /* Debug */,
				84FCAAA71A314E0C006B9DB9 /* Release */,
			);
			defaultConfigurationIsVisible = 0;
		};
		84FCAAA81A314E0C006B9DB9 /* Build configuration list for PBXNativeTarget "PPSAndAdonitTests" */ = {
			isa = XCConfigurationList;
			buildConfigurations = (
				84FCAAA91A314E0C006B9DB9 /* Debug */,
				84FCAAAA1A314E0C006B9DB9 /* Release */,
			);
			defaultConfigurationIsVisible = 0;
		};
/* End XCConfigurationList section */
	};
	rootObject = 84FCAA7A1A314E0C006B9DB9 /* Project object */;
}
